
Microsoft Visual Studio Solution File, Format Version 12.00
# Visual Studio Version 16
VisualStudioVersion = 25.0.1705.0
MinimumVisualStudioVersion = 10.0.40219.1
Project("{FAE04EC0-301F-11D3-BF4B-00C04F79EFBC}") = "Sample", "Sample.csproj", "{D7042BDC-A8D9-4341-9075-F706CD40F5EB}"
EndProject
Global
	GlobalSection(SolutionConfigurationPlatforms) = preSolution
		Debug|Any CPU = Debug|Any CPU
		Release|Any CPU = Release|Any CPU
	EndGlobalSection
	GlobalSection(ProjectConfigurationPlatforms) = postSolution
		{D7042BDC-A8D9-4341-9075-F706CD40F5EB}.Debug|Any CPU.ActiveCfg = Debug|Any CPU
		{D7042BDC-A8D9-4341-9075-F706CD40F5EB}.Debug|Any CPU.Build.0 = Debug|Any CPU
		{D7042BDC-A8D9-4341-9075-F706CD40F5EB}.Release|Any CPU.ActiveCfg = Release|Any CPU
		{D7042BDC-A8D9-4341-9075-F706CD40F5EB}.Release|Any CPU.Build.0 = Release|Any CPU
	EndGlobalSection
	GlobalSection(SolutionProperties) = preSolution
		HideSolutionNode = FALSE
	EndGlobalSection
	GlobalSection(ExtensibilityGlobals) = postSolution
		SolutionGuid = {0121841B-D32D-4E2D-88DB-D32B79E13657}
	EndGlobalSection
EndGlobal
